
Microsoft Visual Studio Solution File, Format Version 12.00
# Visual Studio 2013
VisualStudioVersion = 12.0.21005.1
MinimumVisualStudioVersion = 10.0.40219.1
Project("{159641D6-6404-4A2A-AE62-294DE0FE8301}") = "VehicleServiceHomeworkSSIS", "VehicleServiceHomeworkSSIS\VehicleServiceHomeworkSSIS.dtproj", "{8769A14C-272F-4749-9A69-E0C23BC347CC}"
EndProject
Global
	GlobalSection(SolutionConfigurationPlatforms) = preSolution
		Development|Default = Development|Default
	EndGlobalSection
	GlobalSection(ProjectConfigurationPlatforms) = postSolution
		{8769A14C-272F-4749-9A69-E0C23BC347CC}.Development|Default.ActiveCfg = Development
		{8769A14C-272F-4749-9A69-E0C23BC347CC}.Development|Default.Build.0 = Development
	EndGlobalSection
	GlobalSection(SolutionProperties) = preSolution
		HideSolutionNode = FALSE
	EndGlobalSection
EndGlobal
